
Microsoft Visual Studio Solution File, Format Version 12.00
# Visual Studio 15
VisualStudioVersion = 15.0.27703.2035
MinimumVisualStudioVersion = 10.0.40219.1
Project("{2150E333-8FDC-42A3-9474-1A3956D46DE8}") = "1 - Entidades", "1 - Entidades", "{594138ED-2AF6-4E4D-936C-194E4045B699}"
EndProject
Project("{2150E333-8FDC-42A3-9474-1A3956D46DE8}") = "2 - Sistema", "2 - Sistema", "{51E24293-17C8-4856-B5B0-1ABED8C3B372}"
EndProject
Project("{2150E333-8FDC-42A3-9474-1A3956D46DE8}") = "2.1 - Camada de Serviços", "2.1 - Camada de Serviços", "{F7EAACB9-6C53-4F2D-AA70-82A9DAA4F9EE}"
EndProject
Project("{2150E333-8FDC-42A3-9474-1A3956D46DE8}") = "2.2 - Camada de Acesso a Dados", "2.2 - Camada de Acesso a Dados", "{D748D442-D9A3-481B-9499-FA2DA0735914}"
EndProject
Project("{FAE04EC0-301F-11D3-BF4B-00C04F79EFBC}") = "Projeto.Entidades", "Projeto.Entidades\Projeto.Entidades.csproj", "{0CE83B8E-D176-4152-9D7B-9B7C8D930DC9}"
EndProject
Project("{FAE04EC0-301F-11D3-BF4B-00C04F79EFBC}") = "Projeto.Servicos", "Projeto.Servicos\Projeto.Servicos.csproj", "{0D51CFD0-31D1-47B9-B1E9-4C59795CDA88}"
EndProject
Project("{FAE04EC0-301F-11D3-BF4B-00C04F79EFBC}") = "Projeto.Repositorio", "Projeto.Repositorio\Projeto.Repositorio.csproj", "{3BC428EF-9C3A-4443-9C47-77C9BF213637}"
EndProject
Global
	GlobalSection(SolutionConfigurationPlatforms) = preSolution
		Debug|Any CPU = Debug|Any CPU
		Release|Any CPU = Release|Any CPU
	EndGlobalSection
	GlobalSection(ProjectConfigurationPlatforms) = postSolution
		{0CE83B8E-D176-4152-9D7B-9B7C8D930DC9}.Debug|Any CPU.ActiveCfg = Debug|Any CPU
		{0CE83B8E-D176-4152-9D7B-9B7C8D930DC9}.Debug|Any CPU.Build.0 = Debug|Any CPU
		{0CE83B8E-D176-4152-9D7B-9B7C8D930DC9}.Release|Any CPU.ActiveCfg = Release|Any CPU
		{0CE83B8E-D176-4152-9D7B-9B7C8D930DC9}.Release|Any CPU.Build.0 = Release|Any CPU
		{0D51CFD0-31D1-47B9-B1E9-4C59795CDA88}.Debug|Any CPU.ActiveCfg = Debug|Any CPU
		{0D51CFD0-31D1-47B9-B1E9-4C59795CDA88}.Debug|Any CPU.Build.0 = Debug|Any CPU
		{0D51CFD0-31D1-47B9-B1E9-4C59795CDA88}.Release|Any CPU.ActiveCfg = Release|Any CPU
		{0D51CFD0-31D1-47B9-B1E9-4C59795CDA88}.Release|Any CPU.Build.0 = Release|Any CPU
		{3BC428EF-9C3A-4443-9C47-77C9BF213637}.Debug|Any CPU.ActiveCfg = Debug|Any CPU
		{3BC428EF-9C3A-4443-9C47-77C9BF213637}.Debug|Any CPU.Build.0 = Debug|Any CPU
		{3BC428EF-9C3A-4443-9C47-77C9BF213637}.Release|Any CPU.ActiveCfg = Release|Any CPU
		{3BC428EF-9C3A-4443-9C47-77C9BF213637}.Release|Any CPU.Build.0 = Release|Any CPU
	EndGlobalSection
	GlobalSection(SolutionProperties) = preSolution
		HideSolutionNode = FALSE
	EndGlobalSection
	GlobalSection(NestedProjects) = preSolution
		{F7EAACB9-6C53-4F2D-AA70-82A9DAA4F9EE} = {51E24293-17C8-4856-B5B0-1ABED8C3B372}
		{D748D442-D9A3-481B-9499-FA2DA0735914} = {51E24293-17C8-4856-B5B0-1ABED8C3B372}
		{0CE83B8E-D176-4152-9D7B-9B7C8D930DC9} = {594138ED-2AF6-4E4D-936C-194E4045B699}
		{0D51CFD0-31D1-47B9-B1E9-4C59795CDA88} = {F7EAACB9-6C53-4F2D-AA70-82A9DAA4F9EE}
		{3BC428EF-9C3A-4443-9C47-77C9BF213637} = {D748D442-D9A3-481B-9499-FA2DA0735914}
	EndGlobalSection
	GlobalSection(ExtensibilityGlobals) = postSolution
		SolutionGuid = {D1CAAC17-405D-49E7-BF01-D39F4EFDC185}
	EndGlobalSection
EndGlobal
